
Microsoft Visual Studio Solution File, Format Version 12.00
# Visual Studio Version 16
VisualStudioVersion = 16.0.30804.86
MinimumVisualStudioVersion = 10.0.40219.1
Project("{9A19103F-16F7-4668-BE54-9A1E7A4F7556}") = "shop-cake", "shop-cake\shop-cake.csproj", "{7BE7829E-1BF6-4AD4-AC21-892585FC58D8}"
EndProject
Project("{9A19103F-16F7-4668-BE54-9A1E7A4F7556}") = "NUnitTestProject1", "NUnitTestProject1\NUnitTestProject1.csproj", "{315B7841-7E09-4181-9448-B38D970BC4A9}"
EndProject
Project("{FAE04EC0-301F-11D3-BF4B-00C04F79EFBC}") = "shop-cake-API", "shop-cake-API\shop-cake-API.csproj", "{2BC3478B-72CF-4050-970A-AF0D7C81929E}"
EndProject
Global
	GlobalSection(SolutionConfigurationPlatforms) = preSolution
		Debug|Any CPU = Debug|Any CPU
		Release|Any CPU = Release|Any CPU
	EndGlobalSection
	GlobalSection(ProjectConfigurationPlatforms) = postSolution
		{7BE7829E-1BF6-4AD4-AC21-892585FC58D8}.Debug|Any CPU.ActiveCfg = Debug|Any CPU
		{7BE7829E-1BF6-4AD4-AC21-892585FC58D8}.Debug|Any CPU.Build.0 = Debug|Any CPU
		{7BE7829E-1BF6-4AD4-AC21-892585FC58D8}.Release|Any CPU.ActiveCfg = Release|Any CPU
		{7BE7829E-1BF6-4AD4-AC21-892585FC58D8}.Release|Any CPU.Build.0 = Release|Any CPU
		{315B7841-7E09-4181-9448-B38D970BC4A9}.Debug|Any CPU.ActiveCfg = Debug|Any CPU
		{315B7841-7E09-4181-9448-B38D970BC4A9}.Debug|Any CPU.Build.0 = Debug|Any CPU
		{315B7841-7E09-4181-9448-B38D970BC4A9}.Release|Any CPU.ActiveCfg = Release|Any CPU
		{315B7841-7E09-4181-9448-B38D970BC4A9}.Release|Any CPU.Build.0 = Release|Any CPU
		{2BC3478B-72CF-4050-970A-AF0D7C81929E}.Debug|Any CPU.ActiveCfg = Debug|Any CPU
		{2BC3478B-72CF-4050-970A-AF0D7C81929E}.Debug|Any CPU.Build.0 = Debug|Any CPU
		{2BC3478B-72CF-4050-970A-AF0D7C81929E}.Release|Any CPU.ActiveCfg = Release|Any CPU
		{2BC3478B-72CF-4050-970A-AF0D7C81929E}.Release|Any CPU.Build.0 = Release|Any CPU
	EndGlobalSection
	GlobalSection(SolutionProperties) = preSolution
		HideSolutionNode = FALSE
	EndGlobalSection
	GlobalSection(ExtensibilityGlobals) = postSolution
		SolutionGuid = {10C173D1-95E9-4D07-A83B-EC22DE7F762F}
	EndGlobalSection
EndGlobal
